
Microsoft Visual Studio Solution File, Format Version 12.00
# Visual Studio Version 16
VisualStudioVersion = 16.0.29409.12
MinimumVisualStudioVersion = 10.0.40219.1
Project("{FAE04EC0-301F-11D3-BF4B-00C04F79EFBC}") = "MYComputerScience", "MYComputerScience\MYComputerScience.csproj", "{F94685D2-B7C5-4CA4-A623-6C8AB5BDBA8F}"
EndProject
Global
	GlobalSection(SolutionConfigurationPlatforms) = preSolution
		Debug|Any CPU = Debug|Any CPU
		Release|Any CPU = Release|Any CPU
	EndGlobalSection
	GlobalSection(ProjectConfigurationPlatforms) = postSolution
		{F94685D2-B7C5-4CA4-A623-6C8AB5BDBA8F}.Debug|Any CPU.ActiveCfg = Debug|Any CPU
		{F94685D2-B7C5-4CA4-A623-6C8AB5BDBA8F}.Debug|Any CPU.Build.0 = Debug|Any CPU
		{F94685D2-B7C5-4CA4-A623-6C8AB5BDBA8F}.Release|Any CPU.ActiveCfg = Release|Any CPU
		{F94685D2-B7C5-4CA4-A623-6C8AB5BDBA8F}.Release|Any CPU.Build.0 = Release|Any CPU
	EndGlobalSection
	GlobalSection(SolutionProperties) = preSolution
		HideSolutionNode = FALSE
	EndGlobalSection
	GlobalSection(ExtensibilityGlobals) = postSolution
		SolutionGuid = {BE01D421-229C-48E6-9AF9-1DF3925537CD}
	EndGlobalSection
EndGlobal
